// !$*UTF8*$!
{
	archiveVersion = 1;
	classes = {
	};
	objectVersion = 48;
	objects = {

/* Begin PBXBuildFile section */
		D4261BEF1FC4274400D75364 /* DownloadAvatarModel.swift in Sources */ = {isa = PBXBuildFile; fileRef = D4261BEE1FC4274400D75364 /* DownloadAvatarModel.swift */; };
		D4261BF11FC4289800D75364 /* ImagesService.swift in Sources */ = {isa = PBXBuildFile; fileRef = D4261BF01FC4289800D75364 /* ImagesService.swift */; };
		D4261BF51FC4425600D75364 /* LoadingVC.swift in Sources */ = {isa = PBXBuildFile; fileRef = D4261BF41FC4425600D75364 /* LoadingVC.swift */; };
		D48DC9151FC416A80006BB52 /* GetAvatarsRequest.swift in Sources */ = {isa = PBXBuildFile; fileRef = D48DC9141FC416A80006BB52 /* GetAvatarsRequest.swift */; };
		D48DC9171FC41BA90006BB52 /* AvatarsParser.swift in Sources */ = {isa = PBXBuildFile; fileRef = D48DC9161FC41BA90006BB52 /* AvatarsParser.swift */; };
		D48DC9191FC420300006BB52 /* IParser.swift in Sources */ = {isa = PBXBuildFile; fileRef = D48DC9181FC420300006BB52 /* IParser.swift */; };
		ED43808770ECB2DC927B9FD6 /* Pods_TinkoffChat.framework in Frameworks */ = {isa = PBXBuildFile; fileRef = E1A3A99B9EC4A2B965470074 /* Pods_TinkoffChat.framework */; };
		F31915DF1FA8B9D500EBBE87 /* ConversationModel.swift in Sources */ = {isa = PBXBuildFile; fileRef = F31915DE1FA8B9D500EBBE87 /* ConversationModel.swift */; };
		F31C7D621F93EB4E00F767D6 /* UIViewController+Extension.swift in Sources */ = {isa = PBXBuildFile; fileRef = F31C7D611F93EB4E00F767D6 /* UIViewController+Extension.swift */; };
		F31C7D651F940E9A00F767D6 /* UIColor+Extension.swift in Sources */ = {isa = PBXBuildFile; fileRef = F31C7D641F940E9A00F767D6 /* UIColor+Extension.swift */; };
		F31C7D671F94102600F767D6 /* Profile.swift in Sources */ = {isa = PBXBuildFile; fileRef = F31C7D661F94102600F767D6 /* Profile.swift */; };
		F33506A11FBF97410049F0A7 /* CommunicationManager.swift in Sources */ = {isa = PBXBuildFile; fileRef = F33506A01FBF97410049F0A7 /* CommunicationManager.swift */; };
		F33506A31FC050C80049F0A7 /* InMemoryStorageManager.swift in Sources */ = {isa = PBXBuildFile; fileRef = F33506A21FC050C80049F0A7 /* InMemoryStorageManager.swift */; };
		F358DB111F9B61A500C49EEA /* MultipeerCommunicator.swift in Sources */ = {isa = PBXBuildFile; fileRef = F358DB101F9B61A500C49EEA /* MultipeerCommunicator.swift */; };
		F358DB131F9B69E900C49EEA /* ConversationsListModel.swift in Sources */ = {isa = PBXBuildFile; fileRef = F358DB121F9B69E900C49EEA /* ConversationsListModel.swift */; };
		F358DB151F9B7BF900C49EEA /* MessageTemp.swift in Sources */ = {isa = PBXBuildFile; fileRef = F358DB141F9B7BF900C49EEA /* MessageTemp.swift */; };
		F358DB171F9BAEDF00C49EEA /* ChatHistory.swift in Sources */ = {isa = PBXBuildFile; fileRef = F358DB161F9BAEDF00C49EEA /* ChatHistory.swift */; };
		F35B35A61F94C8FD00D5F557 /* IStorageManager.swift in Sources */ = {isa = PBXBuildFile; fileRef = F35B35A51F94C8FD00D5F557 /* IStorageManager.swift */; };
		F3630A671F72C9D5005EA5BC /* AppDelegate.swift in Sources */ = {isa = PBXBuildFile; fileRef = F3630A661F72C9D5005EA5BC /* AppDelegate.swift */; };
		F3630A691F72C9D5005EA5BC /* ProfileVC.swift in Sources */ = {isa = PBXBuildFile; fileRef = F3630A681F72C9D5005EA5BC /* ProfileVC.swift */; };
		F3630A6C1F72C9D5005EA5BC /* Main.storyboard in Resources */ = {isa = PBXBuildFile; fileRef = F3630A6A1F72C9D5005EA5BC /* Main.storyboard */; };
		F3630A6E1F72C9D5005EA5BC /* Assets.xcassets in Resources */ = {isa = PBXBuildFile; fileRef = F3630A6D1F72C9D5005EA5BC /* Assets.xcassets */; };
		F3630A711F72C9D5005EA5BC /* LaunchScreen.storyboard in Resources */ = {isa = PBXBuildFile; fileRef = F3630A6F1F72C9D5005EA5BC /* LaunchScreen.storyboard */; };
		F375861F1F7D8FAB0070C3A1 /* DesignableButton.swift in Sources */ = {isa = PBXBuildFile; fileRef = F375861E1F7D8FAA0070C3A1 /* DesignableButton.swift */; };
		F37586211F7D8FCB0070C3A1 /* DesignableImageView.swift in Sources */ = {isa = PBXBuildFile; fileRef = F37586201F7D8FCB0070C3A1 /* DesignableImageView.swift */; };
		F393855D1FA4BA3F0009E323 /* ProfileService.swift in Sources */ = {isa = PBXBuildFile; fileRef = F393855C1FA4BA3F0009E323 /* ProfileService.swift */; };
		F3A9BEC61FC32D26004D3EBF /* IRequest.swift in Sources */ = {isa = PBXBuildFile; fileRef = F3A9BEBF1FC32D26004D3EBF /* IRequest.swift */; };
		F3A9BEC81FC32D26004D3EBF /* RequestsFactory.swift in Sources */ = {isa = PBXBuildFile; fileRef = F3A9BEC11FC32D26004D3EBF /* RequestsFactory.swift */; };
		F3A9BECC1FC32F2F004D3EBF /* IRequestSender.swift in Sources */ = {isa = PBXBuildFile; fileRef = F3A9BECA1FC32F2F004D3EBF /* IRequestSender.swift */; };
		F3A9BECD1FC32F2F004D3EBF /* RequestSender.swift in Sources */ = {isa = PBXBuildFile; fileRef = F3A9BECB1FC32F2F004D3EBF /* RequestSender.swift */; };
		F3A9BEF71FCC0F46004D3EBF /* TinkoffEmitterCell.swift in Sources */ = {isa = PBXBuildFile; fileRef = F3A9BEF61FCC0F46004D3EBF /* TinkoffEmitterCell.swift */; };
		F3A9BEF91FCC1638004D3EBF /* ScaleOnStateChangeButton.swift in Sources */ = {isa = PBXBuildFile; fileRef = F3A9BEF81FCC1638004D3EBF /* ScaleOnStateChangeButton.swift */; };
		F3A9BEFB1FCC1A27004D3EBF /* UserOnlineNavigationItem.swift in Sources */ = {isa = PBXBuildFile; fileRef = F3A9BEFA1FCC1A27004D3EBF /* UserOnlineNavigationItem.swift */; };
		F3AC0C551FA4CC8000224F32 /* ProfileModel.swift in Sources */ = {isa = PBXBuildFile; fileRef = F3AC0C541FA4CC8000224F32 /* ProfileModel.swift */; };
		F3B21A171FAF972A000F171D /* ConversationsService.swift in Sources */ = {isa = PBXBuildFile; fileRef = F3B21A161FAF972A000F171D /* ConversationsService.swift */; };
		F3B21A1A1FB1E977000F171D /* TinkoffChat.xcdatamodeld in Sources */ = {isa = PBXBuildFile; fileRef = F3B21A181FB1E977000F171D /* TinkoffChat.xcdatamodeld */; };
		F3B21A1C1FB1E9A6000F171D /* CoreDataStack.swift in Sources */ = {isa = PBXBuildFile; fileRef = F3B21A1B1FB1E9A6000F171D /* CoreDataStack.swift */; };
		F3B21A1F1FB1F8E6000F171D /* AppUser.swift in Sources */ = {isa = PBXBuildFile; fileRef = F3B21A1E1FB1F8E6000F171D /* AppUser.swift */; };
		F3B55F221F891D0D00F8B9A5 /* ConversationsListVC.swift in Sources */ = {isa = PBXBuildFile; fileRef = F3B55F211F891D0D00F8B9A5 /* ConversationsListVC.swift */; };
		F3B55F241F89214400F8B9A5 /* ConversationTableViewCell.swift in Sources */ = {isa = PBXBuildFile; fileRef = F3B55F231F89214400F8B9A5 /* ConversationTableViewCell.swift */; };
		F3D560B01F8AA2520042ADC6 /* ConversationVС.swift in Sources */ = {isa = PBXBuildFile; fileRef = F3D560AF1F8AA2520042ADC6 /* ConversationVС.swift */; };
		F3D560B21F8AA5A50042ADC6 /* MessageTableViewCell.swift in Sources */ = {isa = PBXBuildFile; fileRef = F3D560B11F8AA5A40042ADC6 /* MessageTableViewCell.swift */; };
		F3D560B71F8AB6300042ADC6 /* OutgoingMessageContainerView.swift in Sources */ = {isa = PBXBuildFile; fileRef = F3D560B61F8AB6300042ADC6 /* OutgoingMessageContainerView.swift */; };
		F3D560B91F8AB6910042ADC6 /* IncomingMessageContainerView.swift in Sources */ = {isa = PBXBuildFile; fileRef = F3D560B81F8AB6910042ADC6 /* IncomingMessageContainerView.swift */; };
		F3D6BD921FC199BE00878814 /* CoreDataStorageManager.swift in Sources */ = {isa = PBXBuildFile; fileRef = F3D6BD911FC199BE00878814 /* CoreDataStorageManager.swift */; };
		F3D6BD941FC2FB9200878814 /* DownloadAvatarCollectionVC.swift in Sources */ = {isa = PBXBuildFile; fileRef = F3D6BD931FC2FB9200878814 /* DownloadAvatarCollectionVC.swift */; };
		F3DBA4B21FC30F6E003884BA /* PhotoCollectionViewCell.swift in Sources */ = {isa = PBXBuildFile; fileRef = F3DBA4B11FC30F6E003884BA /* PhotoCollectionViewCell.swift */; };
/* End PBXBuildFile section */

/* Begin PBXFileReference section */
		B1545EBFC8A02134BEF2386D /* Pods-TinkoffChat.debug.xcconfig */ = {isa = PBXFileReference; includeInIndex = 1; lastKnownFileType = text.xcconfig; name = "Pods-TinkoffChat.debug.xcconfig"; path = "Pods/Target Support Files/Pods-TinkoffChat/Pods-TinkoffChat.debug.xcconfig"; sourceTree = "<group>"; };
		D4261BEE1FC4274400D75364 /* DownloadAvatarModel.swift */ = {isa = PBXFileReference; lastKnownFileType = sourcecode.swift; path = DownloadAvatarModel.swift; sourceTree = "<group>"; };
		D4261BF01FC4289800D75364 /* ImagesService.swift */ = {isa = PBXFileReference; lastKnownFileType = sourcecode.swift; path = ImagesService.swift; sourceTree = "<group>"; };
		D4261BF41FC4425600D75364 /* LoadingVC.swift */ = {isa = PBXFileReference; lastKnownFileType = sourcecode.swift; path = LoadingVC.swift; sourceTree = "<group>"; };
		D48DC9141FC416A80006BB52 /* GetAvatarsRequest.swift */ = {isa = PBXFileReference; lastKnownFileType = sourcecode.swift; path = GetAvatarsRequest.swift; sourceTree = "<group>"; };
		D48DC9161FC41BA90006BB52 /* AvatarsParser.swift */ = {isa = PBXFileReference; lastKnownFileType = sourcecode.swift; path = AvatarsParser.swift; sourceTree = "<group>"; };
		D48DC9181FC420300006BB52 /* IParser.swift */ = {isa = PBXFileReference; lastKnownFileType = sourcecode.swift; path = IParser.swift; sourceTree = "<group>"; };
		E1A3A99B9EC4A2B965470074 /* Pods_TinkoffChat.framework */ = {isa = PBXFileReference; explicitFileType = wrapper.framework; includeInIndex = 0; path = Pods_TinkoffChat.framework; sourceTree = BUILT_PRODUCTS_DIR; };
		F31915DE1FA8B9D500EBBE87 /* ConversationModel.swift */ = {isa = PBXFileReference; lastKnownFileType = sourcecode.swift; path = ConversationModel.swift; sourceTree = "<group>"; };
		F31C7D611F93EB4E00F767D6 /* UIViewController+Extension.swift */ = {isa = PBXFileReference; lastKnownFileType = sourcecode.swift; path = "UIViewController+Extension.swift"; sourceTree = "<group>"; };
		F31C7D641F940E9A00F767D6 /* UIColor+Extension.swift */ = {isa = PBXFileReference; lastKnownFileType = sourcecode.swift; path = "UIColor+Extension.swift"; sourceTree = "<group>"; };
		F31C7D661F94102600F767D6 /* Profile.swift */ = {isa = PBXFileReference; lastKnownFileType = sourcecode.swift; path = Profile.swift; sourceTree = "<group>"; };
		F33506A01FBF97410049F0A7 /* CommunicationManager.swift */ = {isa = PBXFileReference; lastKnownFileType = sourcecode.swift; path = CommunicationManager.swift; sourceTree = "<group>"; };
		F33506A21FC050C80049F0A7 /* InMemoryStorageManager.swift */ = {isa = PBXFileReference; lastKnownFileType = sourcecode.swift; path = InMemoryStorageManager.swift; sourceTree = "<group>"; };
		F358DB101F9B61A500C49EEA /* MultipeerCommunicator.swift */ = {isa = PBXFileReference; lastKnownFileType = sourcecode.swift; path = MultipeerCommunicator.swift; sourceTree = "<group>"; };
		F358DB121F9B69E900C49EEA /* ConversationsListModel.swift */ = {isa = PBXFileReference; lastKnownFileType = sourcecode.swift; path = ConversationsListModel.swift; sourceTree = "<group>"; };
		F358DB141F9B7BF900C49EEA /* MessageTemp.swift */ = {isa = PBXFileReference; lastKnownFileType = sourcecode.swift; path = MessageTemp.swift; sourceTree = "<group>"; };
		F358DB161F9BAEDF00C49EEA /* ChatHistory.swift */ = {isa = PBXFileReference; lastKnownFileType = sourcecode.swift; path = ChatHistory.swift; sourceTree = "<group>"; };
		F35B35A51F94C8FD00D5F557 /* IStorageManager.swift */ = {isa = PBXFileReference; lastKnownFileType = sourcecode.swift; path = IStorageManager.swift; sourceTree = "<group>"; };
		F3630A631F72C9D5005EA5BC /* TinkoffChat.app */ = {isa = PBXFileReference; explicitFileType = wrapper.application; includeInIndex = 0; path = TinkoffChat.app; sourceTree = BUILT_PRODUCTS_DIR; };
		F3630A661F72C9D5005EA5BC /* AppDelegate.swift */ = {isa = PBXFileReference; lastKnownFileType = sourcecode.swift; path = AppDelegate.swift; sourceTree = "<group>"; };
		F3630A681F72C9D5005EA5BC /* ProfileVC.swift */ = {isa = PBXFileReference; lastKnownFileType = sourcecode.swift; path = ProfileVC.swift; sourceTree = "<group>"; };
		F3630A6B1F72C9D5005EA5BC /* Base */ = {isa = PBXFileReference; lastKnownFileType = file.storyboard; name = Base; path = Base.lproj/Main.storyboard; sourceTree = "<group>"; };
		F3630A6D1F72C9D5005EA5BC /* Assets.xcassets */ = {isa = PBXFileReference; lastKnownFileType = folder.assetcatalog; path = Assets.xcassets; sourceTree = "<group>"; };
		F3630A701F72C9D5005EA5BC /* Base */ = {isa = PBXFileReference; lastKnownFileType = file.storyboard; name = Base; path = Base.lproj/LaunchScreen.storyboard; sourceTree = "<group>"; };
		F3630A721F72C9D5005EA5BC /* Info.plist */ = {isa = PBXFileReference; lastKnownFileType = text.plist.xml; path = Info.plist; sourceTree = "<group>"; };
		F375861E1F7D8FAA0070C3A1 /* DesignableButton.swift */ = {isa = PBXFileReference; lastKnownFileType = sourcecode.swift; path = DesignableButton.swift; sourceTree = "<group>"; };
		F37586201F7D8FCB0070C3A1 /* DesignableImageView.swift */ = {isa = PBXFileReference; lastKnownFileType = sourcecode.swift; path = DesignableImageView.swift; sourceTree = "<group>"; };
		F393855C1FA4BA3F0009E323 /* ProfileService.swift */ = {isa = PBXFileReference; lastKnownFileType = sourcecode.swift; path = ProfileService.swift; sourceTree = "<group>"; };
		F3A9BEBF1FC32D26004D3EBF /* IRequest.swift */ = {isa = PBXFileReference; fileEncoding = 4; lastKnownFileType = sourcecode.swift; path = IRequest.swift; sourceTree = "<group>"; };
		F3A9BEC11FC32D26004D3EBF /* RequestsFactory.swift */ = {isa = PBXFileReference; fileEncoding = 4; lastKnownFileType = sourcecode.swift; path = RequestsFactory.swift; sourceTree = "<group>"; };
		F3A9BECA1FC32F2F004D3EBF /* IRequestSender.swift */ = {isa = PBXFileReference; fileEncoding = 4; lastKnownFileType = sourcecode.swift; path = IRequestSender.swift; sourceTree = "<group>"; };
		F3A9BECB1FC32F2F004D3EBF /* RequestSender.swift */ = {isa = PBXFileReference; fileEncoding = 4; lastKnownFileType = sourcecode.swift; path = RequestSender.swift; sourceTree = "<group>"; };
		F3A9BEF61FCC0F46004D3EBF /* TinkoffEmitterCell.swift */ = {isa = PBXFileReference; lastKnownFileType = sourcecode.swift; path = TinkoffEmitterCell.swift; sourceTree = "<group>"; };
		F3A9BEF81FCC1638004D3EBF /* ScaleOnStateChangeButton.swift */ = {isa = PBXFileReference; lastKnownFileType = sourcecode.swift; path = ScaleOnStateChangeButton.swift; sourceTree = "<group>"; };
		F3A9BEFA1FCC1A27004D3EBF /* UserOnlineNavigationItem.swift */ = {isa = PBXFileReference; lastKnownFileType = sourcecode.swift; path = UserOnlineNavigationItem.swift; sourceTree = "<group>"; };
		F3AC0C541FA4CC8000224F32 /* ProfileModel.swift */ = {isa = PBXFileReference; lastKnownFileType = sourcecode.swift; path = ProfileModel.swift; sourceTree = "<group>"; };
		F3B21A161FAF972A000F171D /* ConversationsService.swift */ = {isa = PBXFileReference; lastKnownFileType = sourcecode.swift; path = ConversationsService.swift; sourceTree = "<group>"; };
		F3B21A191FB1E977000F171D /* TinkoffChat.xcdatamodel */ = {isa = PBXFileReference; lastKnownFileType = wrapper.xcdatamodel; path = TinkoffChat.xcdatamodel; sourceTree = "<group>"; };
		F3B21A1B1FB1E9A6000F171D /* CoreDataStack.swift */ = {isa = PBXFileReference; lastKnownFileType = sourcecode.swift; path = CoreDataStack.swift; sourceTree = "<group>"; };
		F3B21A1E1FB1F8E6000F171D /* AppUser.swift */ = {isa = PBXFileReference; lastKnownFileType = sourcecode.swift; path = AppUser.swift; sourceTree = "<group>"; };
		F3B55F211F891D0D00F8B9A5 /* ConversationsListVC.swift */ = {isa = PBXFileReference; lastKnownFileType = sourcecode.swift; path = ConversationsListVC.swift; sourceTree = "<group>"; };
		F3B55F231F89214400F8B9A5 /* ConversationTableViewCell.swift */ = {isa = PBXFileReference; lastKnownFileType = sourcecode.swift; path = ConversationTableViewCell.swift; sourceTree = "<group>"; };
		F3D560AF1F8AA2520042ADC6 /* ConversationVС.swift */ = {isa = PBXFileReference; lastKnownFileType = sourcecode.swift; path = "ConversationVС.swift"; sourceTree = "<group>"; };
		F3D560B11F8AA5A40042ADC6 /* MessageTableViewCell.swift */ = {isa = PBXFileReference; lastKnownFileType = sourcecode.swift; path = MessageTableViewCell.swift; sourceTree = "<group>"; };
		F3D560B61F8AB6300042ADC6 /* OutgoingMessageContainerView.swift */ = {isa = PBXFileReference; lastKnownFileType = sourcecode.swift; path = OutgoingMessageContainerView.swift; sourceTree = "<group>"; };
		F3D560B81F8AB6910042ADC6 /* IncomingMessageContainerView.swift */ = {isa = PBXFileReference; lastKnownFileType = sourcecode.swift; path = IncomingMessageContainerView.swift; sourceTree = "<group>"; };
		F3D6BD911FC199BE00878814 /* CoreDataStorageManager.swift */ = {isa = PBXFileReference; fileEncoding = 4; lastKnownFileType = sourcecode.swift; path = CoreDataStorageManager.swift; sourceTree = "<group>"; };
		F3D6BD931FC2FB9200878814 /* DownloadAvatarCollectionVC.swift */ = {isa = PBXFileReference; lastKnownFileType = sourcecode.swift; path = DownloadAvatarCollectionVC.swift; sourceTree = "<group>"; };
		F3DBA4B11FC30F6E003884BA /* PhotoCollectionViewCell.swift */ = {isa = PBXFileReference; lastKnownFileType = sourcecode.swift; path = PhotoCollectionViewCell.swift; sourceTree = "<group>"; };
		F4CD54FAFCCAF5F7B394D5E3 /* Pods-TinkoffChat.release.xcconfig */ = {isa = PBXFileReference; includeInIndex = 1; lastKnownFileType = text.xcconfig; name = "Pods-TinkoffChat.release.xcconfig"; path = "Pods/Target Support Files/Pods-TinkoffChat/Pods-TinkoffChat.release.xcconfig"; sourceTree = "<group>"; };
/* End PBXFileReference section */

/* Begin PBXFrameworksBuildPhase section */
		F3630A601F72C9D4005EA5BC /* Frameworks */ = {
			isa = PBXFrameworksBuildPhase;
			buildActionMask = 2147483647;
			files = (
				ED43808770ECB2DC927B9FD6 /* Pods_TinkoffChat.framework in Frameworks */,
			);
			runOnlyForDeploymentPostprocessing = 0;
		};
/* End PBXFrameworksBuildPhase section */

/* Begin PBXGroup section */
		44A5BCE4477339045F029292 /* Frameworks */ = {
			isa = PBXGroup;
			children = (
				E1A3A99B9EC4A2B965470074 /* Pods_TinkoffChat.framework */,
			);
			name = Frameworks;
			sourceTree = "<group>";
		};
		A2DFF77438D3D170B74199BF /* Pods */ = {
			isa = PBXGroup;
			children = (
				B1545EBFC8A02134BEF2386D /* Pods-TinkoffChat.debug.xcconfig */,
				F4CD54FAFCCAF5F7B394D5E3 /* Pods-TinkoffChat.release.xcconfig */,
			);
			name = Pods;
			sourceTree = "<group>";
		};
		F31C7D631F93EB5F00F767D6 /* Extensions */ = {
			isa = PBXGroup;
			children = (
				F31C7D641F940E9A00F767D6 /* UIColor+Extension.swift */,
				F31C7D611F93EB4E00F767D6 /* UIViewController+Extension.swift */,
			);
			path = Extensions;
			sourceTree = "<group>";
		};
		F3630A5A1F72C9D4005EA5BC = {
			isa = PBXGroup;
			children = (
				F3630A651F72C9D5005EA5BC /* TinkoffChat */,
				F3630A641F72C9D5005EA5BC /* Products */,
				A2DFF77438D3D170B74199BF /* Pods */,
				44A5BCE4477339045F029292 /* Frameworks */,
			);
			sourceTree = "<group>";
		};
		F3630A641F72C9D5005EA5BC /* Products */ = {
			isa = PBXGroup;
			children = (
				F3630A631F72C9D5005EA5BC /* TinkoffChat.app */,
			);
			name = Products;
			sourceTree = "<group>";
		};
		F3630A651F72C9D5005EA5BC /* TinkoffChat */ = {
			isa = PBXGroup;
			children = (
				F393855A1FA4B90F0009E323 /* PresentationLayer */,
				F39385581FA4B8FE0009E323 /* ServiceLayer */,
				F39385591FA4B9060009E323 /* CoreLayer */,
				F3B55F271F8922E900F8B9A5 /* SupportingFiles */,
			);
			path = TinkoffChat;
			sourceTree = "<group>";
		};
		F39385581FA4B8FE0009E323 /* ServiceLayer */ = {
			isa = PBXGroup;
			children = (
				D4261BF01FC4289800D75364 /* ImagesService.swift */,
				F3B21A161FAF972A000F171D /* ConversationsService.swift */,
				F393855C1FA4BA3F0009E323 /* ProfileService.swift */,
			);
			path = ServiceLayer;
			sourceTree = "<group>";
		};
		F39385591FA4B9060009E323 /* CoreLayer */ = {
			isa = PBXGroup;
			children = (
				F3A9BEB81FC32D26004D3EBF /* Networking */,
				F33506A01FBF97410049F0A7 /* CommunicationManager.swift */,
				F31C7D661F94102600F767D6 /* Profile.swift */,
				F3AC0C531FA4BF6F00224F32 /* StorageManagers */,
				F358DB161F9BAEDF00C49EEA /* ChatHistory.swift */,
				F358DB141F9B7BF900C49EEA /* MessageTemp.swift */,
				F358DB101F9B61A500C49EEA /* MultipeerCommunicator.swift */,
				F3B21A1D1FB1E9AE000F171D /* CoreData */,
			);
			path = CoreLayer;
			sourceTree = "<group>";
		};
		F393855A1FA4B90F0009E323 /* PresentationLayer */ = {
			isa = PBXGroup;
			children = (
				F3A9BEF61FCC0F46004D3EBF /* TinkoffEmitterCell.swift */,
				F3A9BEF81FCC1638004D3EBF /* ScaleOnStateChangeButton.swift */,
				F3A9BEFA1FCC1A27004D3EBF /* UserOnlineNavigationItem.swift */,
				D4261BF41FC4425600D75364 /* LoadingVC.swift */,
				F393855B1FA4B9240009E323 /* Modules */,
				F3630A6A1F72C9D5005EA5BC /* Main.storyboard */,
				F31C7D631F93EB5F00F767D6 /* Extensions */,
				F375861E1F7D8FAA0070C3A1 /* DesignableButton.swift */,
				F37586201F7D8FCB0070C3A1 /* DesignableImageView.swift */,
			);
			path = PresentationLayer;
			sourceTree = "<group>";
		};
		F393855B1FA4B9240009E323 /* Modules */ = {
			isa = PBXGroup;
			children = (
				F3D6BD951FC2FB9A00878814 /* DownloadAvatar */,
				F3B55F261F8922D100F8B9A5 /* Profile */,
				F3B55F251F8922BB00F8B9A5 /* ConversationList */,
				F3D560AE1F8AA2340042ADC6 /* Conversation */,
			);
			path = Modules;
			sourceTree = "<group>";
		};
		F3A9BEB81FC32D26004D3EBF /* Networking */ = {
			isa = PBXGroup;
			children = (
				F3A9BEC91FC32F2F004D3EBF /* RequestSenders */,
				F3A9BEB91FC32D26004D3EBF /* Parsers */,
				F3A9BEBD1FC32D26004D3EBF /* Requests */,
				F3A9BEC11FC32D26004D3EBF /* RequestsFactory.swift */,
			);
			path = Networking;
			sourceTree = "<group>";
		};
		F3A9BEB91FC32D26004D3EBF /* Parsers */ = {
			isa = PBXGroup;
			children = (
				D48DC9161FC41BA90006BB52 /* AvatarsParser.swift */,
				D48DC9181FC420300006BB52 /* IParser.swift */,
			);
			path = Parsers;
			sourceTree = "<group>";
		};
		F3A9BEBD1FC32D26004D3EBF /* Requests */ = {
			isa = PBXGroup;
			children = (
				D48DC9141FC416A80006BB52 /* GetAvatarsRequest.swift */,
				F3A9BEBF1FC32D26004D3EBF /* IRequest.swift */,
			);
			path = Requests;
			sourceTree = "<group>";
		};
		F3A9BEC91FC32F2F004D3EBF /* RequestSenders */ = {
			isa = PBXGroup;
			children = (
				F3A9BECA1FC32F2F004D3EBF /* IRequestSender.swift */,
				F3A9BECB1FC32F2F004D3EBF /* RequestSender.swift */,
			);
			path = RequestSenders;
			sourceTree = "<group>";
		};
		F3AC0C531FA4BF6F00224F32 /* StorageManagers */ = {
			isa = PBXGroup;
			children = (
				F35B35A51F94C8FD00D5F557 /* IStorageManager.swift */,
				F33506A21FC050C80049F0A7 /* InMemoryStorageManager.swift */,
				F3D6BD911FC199BE00878814 /* CoreDataStorageManager.swift */,
			);
			path = StorageManagers;
			sourceTree = "<group>";
		};
		F3B21A1D1FB1E9AE000F171D /* CoreData */ = {
			isa = PBXGroup;
			children = (
				F3B21A181FB1E977000F171D /* TinkoffChat.xcdatamodeld */,
				F3B21A1B1FB1E9A6000F171D /* CoreDataStack.swift */,
				F3B21A1E1FB1F8E6000F171D /* AppUser.swift */,
			);
			path = CoreData;
			sourceTree = "<group>";
		};
		F3B55F251F8922BB00F8B9A5 /* ConversationList */ = {
			isa = PBXGroup;
			children = (
				F3B55F211F891D0D00F8B9A5 /* ConversationsListVC.swift */,
				F3B55F231F89214400F8B9A5 /* ConversationTableViewCell.swift */,
				F358DB121F9B69E900C49EEA /* ConversationsListModel.swift */,
			);
			path = ConversationList;
			sourceTree = "<group>";
		};
		F3B55F261F8922D100F8B9A5 /* Profile */ = {
			isa = PBXGroup;
			children = (
				F3630A681F72C9D5005EA5BC /* ProfileVC.swift */,
				F3AC0C541FA4CC8000224F32 /* ProfileModel.swift */,
			);
			path = Profile;
			sourceTree = "<group>";
		};
		F3B55F271F8922E900F8B9A5 /* SupportingFiles */ = {
			isa = PBXGroup;
			children = (
				F3630A6F1F72C9D5005EA5BC /* LaunchScreen.storyboard */,
				F3630A661F72C9D5005EA5BC /* AppDelegate.swift */,
				F3630A721F72C9D5005EA5BC /* Info.plist */,
				F3630A6D1F72C9D5005EA5BC /* Assets.xcassets */,
			);
			path = SupportingFiles;
			sourceTree = "<group>";
		};
		F3D560AE1F8AA2340042ADC6 /* Conversation */ = {
			isa = PBXGroup;
			children = (
				F3D560AF1F8AA2520042ADC6 /* ConversationVС.swift */,
				F3D560B61F8AB6300042ADC6 /* OutgoingMessageContainerView.swift */,
				F3D560B81F8AB6910042ADC6 /* IncomingMessageContainerView.swift */,
				F3D560B11F8AA5A40042ADC6 /* MessageTableViewCell.swift */,
				F31915DE1FA8B9D500EBBE87 /* ConversationModel.swift */,
			);
			path = Conversation;
			sourceTree = "<group>";
		};
		F3D6BD951FC2FB9A00878814 /* DownloadAvatar */ = {
			isa = PBXGroup;
			children = (
				D4261BEE1FC4274400D75364 /* DownloadAvatarModel.swift */,
				F3DBA4B11FC30F6E003884BA /* PhotoCollectionViewCell.swift */,
				F3D6BD931FC2FB9200878814 /* DownloadAvatarCollectionVC.swift */,
			);
			path = DownloadAvatar;
			sourceTree = "<group>";
		};
/* End PBXGroup section */

/* Begin PBXNativeTarget section */
		F3630A621F72C9D4005EA5BC /* TinkoffChat */ = {
			isa = PBXNativeTarget;
			buildConfigurationList = F3630A751F72C9D5005EA5BC /* Build configuration list for PBXNativeTarget "TinkoffChat" */;
			buildPhases = (
				28E78BB78BA8E0BA43902CC4 /* [CP] Check Pods Manifest.lock */,
				F3630A5F1F72C9D4005EA5BC /* Sources */,
				F3630A601F72C9D4005EA5BC /* Frameworks */,
				F3630A611F72C9D4005EA5BC /* Resources */,
				522AC206B07ACCB509CC9BCF /* [CP] Embed Pods Frameworks */,
				A365CF784627B095F56CFCD7 /* [CP] Copy Pods Resources */,
			);
			buildRules = (
			);
			dependencies = (
			);
			name = TinkoffChat;
			productName = TinkoffChat;
			productReference = F3630A631F72C9D5005EA5BC /* TinkoffChat.app */;
			productType = "com.apple.product-type.application";
		};
/* End PBXNativeTarget section */

/* Begin PBXProject section */
		F3630A5B1F72C9D4005EA5BC /* Project object */ = {
			isa = PBXProject;
			attributes = {
				LastSwiftUpdateCheck = 0900;
				LastUpgradeCheck = 0900;
				ORGANIZATIONNAME = "Vladimir Pavlov";
				TargetAttributes = {
					F3630A621F72C9D4005EA5BC = {
						CreatedOnToolsVersion = 9.0;
						ProvisioningStyle = Automatic;
					};
				};
			};
			buildConfigurationList = F3630A5E1F72C9D4005EA5BC /* Build configuration list for PBXProject "TinkoffChat" */;
			compatibilityVersion = "Xcode 8.0";
			developmentRegion = en;
			hasScannedForEncodings = 0;
			knownRegions = (
				en,
				Base,
			);
			mainGroup = F3630A5A1F72C9D4005EA5BC;
			productRefGroup = F3630A641F72C9D5005EA5BC /* Products */;
			projectDirPath = "";
			projectRoot = "";
			targets = (
				F3630A621F72C9D4005EA5BC /* TinkoffChat */,
			);
		};
/* End PBXProject section */

/* Begin PBXResourcesBuildPhase section */
		F3630A611F72C9D4005EA5BC /* Resources */ = {
			isa = PBXResourcesBuildPhase;
			buildActionMask = 2147483647;
			files = (
				F3630A711F72C9D5005EA5BC /* LaunchScreen.storyboard in Resources */,
				F3630A6E1F72C9D5005EA5BC /* Assets.xcassets in Resources */,
				F3630A6C1F72C9D5005EA5BC /* Main.storyboard in Resources */,
			);
			runOnlyForDeploymentPostprocessing = 0;
		};
/* End PBXResourcesBuildPhase section */

/* Begin PBXShellScriptBuildPhase section */
		28E78BB78BA8E0BA43902CC4 /* [CP] Check Pods Manifest.lock */ = {
			isa = PBXShellScriptBuildPhase;
			buildActionMask = 2147483647;
			files = (
			);
			inputPaths = (
				"${PODS_PODFILE_DIR_PATH}/Podfile.lock",
				"${PODS_ROOT}/Manifest.lock",
			);
			name = "[CP] Check Pods Manifest.lock";
			outputPaths = (
				"$(DERIVED_FILE_DIR)/Pods-TinkoffChat-checkManifestLockResult.txt",
			);
			runOnlyForDeploymentPostprocessing = 0;
			shellPath = /bin/sh;
			shellScript = "diff \"${PODS_PODFILE_DIR_PATH}/Podfile.lock\" \"${PODS_ROOT}/Manifest.lock\" > /dev/null\nif [ $? != 0 ] ; then\n    # print error to STDERR\n    echo \"error: The sandbox is not in sync with the Podfile.lock. Run 'pod install' or update your CocoaPods installation.\" >&2\n    exit 1\nfi\n# This output is used by Xcode 'outputs' to avoid re-running this script phase.\necho \"SUCCESS\" > \"${SCRIPT_OUTPUT_FILE_0}\"\n";
			showEnvVarsInLog = 0;
		};
		522AC206B07ACCB509CC9BCF /* [CP] Embed Pods Frameworks */ = {
			isa = PBXShellScriptBuildPhase;
			buildActionMask = 2147483647;
			files = (
			);
			inputPaths = (
				"${SRCROOT}/Pods/Target Support Files/Pods-TinkoffChat/Pods-TinkoffChat-frameworks.sh",
				"${BUILT_PRODUCTS_DIR}/SwiftyJSON/SwiftyJSON.framework",
			);
			name = "[CP] Embed Pods Frameworks";
			outputPaths = (
				"${TARGET_BUILD_DIR}/${FRAMEWORKS_FOLDER_PATH}/SwiftyJSON.framework",
			);
			runOnlyForDeploymentPostprocessing = 0;
			shellPath = /bin/sh;
			shellScript = "\"${SRCROOT}/Pods/Target Support Files/Pods-TinkoffChat/Pods-TinkoffChat-frameworks.sh\"\n";
			showEnvVarsInLog = 0;
		};
		A365CF784627B095F56CFCD7 /* [CP] Copy Pods Resources */ = {
			isa = PBXShellScriptBuildPhase;
			buildActionMask = 2147483647;
			files = (
			);
			inputPaths = (
			);
			name = "[CP] Copy Pods Resources";
			outputPaths = (
			);
			runOnlyForDeploymentPostprocessing = 0;
			shellPath = /bin/sh;
			shellScript = "\"${SRCROOT}/Pods/Target Support Files/Pods-TinkoffChat/Pods-TinkoffChat-resources.sh\"\n";
			showEnvVarsInLog = 0;
		};
/* End PBXShellScriptBuildPhase section */

/* Begin PBXSourcesBuildPhase section */
		F3630A5F1F72C9D4005EA5BC /* Sources */ = {
			isa = PBXSourcesBuildPhase;
			buildActionMask = 2147483647;
			files = (
				F3B21A1F1FB1F8E6000F171D /* AppUser.swift in Sources */,
				F33506A11FBF97410049F0A7 /* CommunicationManager.swift in Sources */,
				F31C7D621F93EB4E00F767D6 /* UIViewController+Extension.swift in Sources */,
				F3D560B91F8AB6910042ADC6 /* IncomingMessageContainerView.swift in Sources */,
				F3D560B71F8AB6300042ADC6 /* OutgoingMessageContainerView.swift in Sources */,
				F3B21A1C1FB1E9A6000F171D /* CoreDataStack.swift in Sources */,
				F3A9BECD1FC32F2F004D3EBF /* RequestSender.swift in Sources */,
				F3A9BEC81FC32D26004D3EBF /* RequestsFactory.swift in Sources */,
				F3A9BEC61FC32D26004D3EBF /* IRequest.swift in Sources */,
				D4261BF51FC4425600D75364 /* LoadingVC.swift in Sources */,
				F33506A31FC050C80049F0A7 /* InMemoryStorageManager.swift in Sources */,
				F3AC0C551FA4CC8000224F32 /* ProfileModel.swift in Sources */,
				F31C7D671F94102600F767D6 /* Profile.swift in Sources */,
				D48DC9151FC416A80006BB52 /* GetAvatarsRequest.swift in Sources */,
				F3B21A171FAF972A000F171D /* ConversationsService.swift in Sources */,
				D4261BEF1FC4274400D75364 /* DownloadAvatarModel.swift in Sources */,
				F31C7D651F940E9A00F767D6 /* UIColor+Extension.swift in Sources */,
				D48DC9171FC41BA90006BB52 /* AvatarsParser.swift in Sources */,
				F3DBA4B21FC30F6E003884BA /* PhotoCollectionViewCell.swift in Sources */,
				F3630A691F72C9D5005EA5BC /* ProfileVC.swift in Sources */,
				F3B55F221F891D0D00F8B9A5 /* ConversationsListVC.swift in Sources */,
				F3D560B21F8AA5A50042ADC6 /* MessageTableViewCell.swift in Sources */,
				F358DB111F9B61A500C49EEA /* MultipeerCommunicator.swift in Sources */,
				F3D560B01F8AA2520042ADC6 /* ConversationVС.swift in Sources */,
				F3D6BD941FC2FB9200878814 /* DownloadAvatarCollectionVC.swift in Sources */,
				F358DB131F9B69E900C49EEA /* ConversationsListModel.swift in Sources */,
				F3B55F241F89214400F8B9A5 /* ConversationTableViewCell.swift in Sources */,
				F3A9BEF71FCC0F46004D3EBF /* TinkoffEmitterCell.swift in Sources */,
				F3630A671F72C9D5005EA5BC /* AppDelegate.swift in Sources */,
				F35B35A61F94C8FD00D5F557 /* IStorageManager.swift in Sources */,
				D48DC9191FC420300006BB52 /* IParser.swift in Sources */,
				F358DB171F9BAEDF00C49EEA /* ChatHistory.swift in Sources */,
				F358DB151F9B7BF900C49EEA /* MessageTemp.swift in Sources */,
				F3A9BEF91FCC1638004D3EBF /* ScaleOnStateChangeButton.swift in Sources */,
				F3D6BD921FC199BE00878814 /* CoreDataStorageManager.swift in Sources */,
				F375861F1F7D8FAB0070C3A1 /* DesignableButton.swift in Sources */,
				D4261BF11FC4289800D75364 /* ImagesService.swift in Sources */,
				F37586211F7D8FCB0070C3A1 /* DesignableImageView.swift in Sources */,
				F31915DF1FA8B9D500EBBE87 /* ConversationModel.swift in Sources */,
				F393855D1FA4BA3F0009E323 /* ProfileService.swift in Sources */,
				F3A9BECC1FC32F2F004D3EBF /* IRequestSender.swift in Sources */,
				F3B21A1A1FB1E977000F171D /* TinkoffChat.xcdatamodeld in Sources */,
				F3A9BEFB1FCC1A27004D3EBF /* UserOnlineNavigationItem.swift in Sources */,
			);
			runOnlyForDeploymentPostprocessing = 0;
		};
/* End PBXSourcesBuildPhase section */

/* Begin PBXVariantGroup section */
		F3630A6A1F72C9D5005EA5BC /* Main.storyboard */ = {
			isa = PBXVariantGroup;
			children = (
				F3630A6B1F72C9D5005EA5BC /* Base */,
			);
			name = Main.storyboard;
			sourceTree = "<group>";
		};
		F3630A6F1F72C9D5005EA5BC /* LaunchScreen.storyboard */ = {
			isa = PBXVariantGroup;
			children = (
				F3630A701F72C9D5005EA5BC /* Base */,
			);
			name = LaunchScreen.storyboard;
			sourceTree = "<group>";
		};
/* End PBXVariantGroup section */

/* Begin XCBuildConfiguration section */
		F3630A731F72C9D5005EA5BC /* Debug */ = {
			isa = XCBuildConfiguration;
			buildSettings = {
				ALWAYS_SEARCH_USER_PATHS = NO;
				CLANG_ANALYZER_NONNULL = YES;
				CLANG_ANALYZER_NUMBER_OBJECT_CONVERSION = YES_AGGRESSIVE;
				CLANG_CXX_LANGUAGE_STANDARD = "gnu++14";
				CLANG_CXX_LIBRARY = "libc++";
				CLANG_ENABLE_MODULES = YES;
				CLANG_ENABLE_OBJC_ARC = YES;
				CLANG_WARN_BLOCK_CAPTURE_AUTORELEASING = YES;
				CLANG_WARN_BOOL_CONVERSION = YES;
				CLANG_WARN_COMMA = YES;
				CLANG_WARN_CONSTANT_CONVERSION = YES;
				CLANG_WARN_DIRECT_OBJC_ISA_USAGE = YES_ERROR;
				CLANG_WARN_DOCUMENTATION_COMMENTS = YES;
				CLANG_WARN_EMPTY_BODY = YES;
				CLANG_WARN_ENUM_CONVERSION = YES;
				CLANG_WARN_INFINITE_RECURSION = YES;
				CLANG_WARN_INT_CONVERSION = YES;
				CLANG_WARN_NON_LITERAL_NULL_CONVERSION = YES;
				CLANG_WARN_OBJC_LITERAL_CONVERSION = YES;
				CLANG_WARN_OBJC_ROOT_CLASS = YES_ERROR;
				CLANG_WARN_RANGE_LOOP_ANALYSIS = YES;
				CLANG_WARN_STRICT_PROTOTYPES = YES;
				CLANG_WARN_SUSPICIOUS_MOVE = YES;
				CLANG_WARN_UNGUARDED_AVAILABILITY = YES_AGGRESSIVE;
				CLANG_WARN_UNREACHABLE_CODE = YES;
				CLANG_WARN__DUPLICATE_METHOD_MATCH = YES;
				CODE_SIGN_IDENTITY = "iPhone Developer";
				COPY_PHASE_STRIP = NO;
				DEBUG_INFORMATION_FORMAT = dwarf;
				ENABLE_STRICT_OBJC_MSGSEND = YES;
				ENABLE_TESTABILITY = YES;
				GCC_C_LANGUAGE_STANDARD = gnu11;
				GCC_DYNAMIC_NO_PIC = NO;
				GCC_NO_COMMON_BLOCKS = YES;
				GCC_OPTIMIZATION_LEVEL = 0;
				GCC_PREPROCESSOR_DEFINITIONS = (
					"DEBUG=1",
					"$(inherited)",
				);
				GCC_WARN_64_TO_32_BIT_CONVERSION = YES;
				GCC_WARN_ABOUT_RETURN_TYPE = YES_ERROR;
				GCC_WARN_UNDECLARED_SELECTOR = YES;
				GCC_WARN_UNINITIALIZED_AUTOS = YES_AGGRESSIVE;
				GCC_WARN_UNUSED_FUNCTION = YES;
				GCC_WARN_UNUSED_VARIABLE = YES;
				IPHONEOS_DEPLOYMENT_TARGET = 11.0;
				MTL_ENABLE_DEBUG_INFO = YES;
				ONLY_ACTIVE_ARCH = YES;
				SDKROOT = iphoneos;
				SWIFT_ACTIVE_COMPILATION_CONDITIONS = DEBUG;
				SWIFT_OPTIMIZATION_LEVEL = "-Onone";
			};
			name = Debug;
		};
		F3630A741F72C9D5005EA5BC /* Release */ = {
			isa = XCBuildConfiguration;
			buildSettings = {
				ALWAYS_SEARCH_USER_PATHS = NO;
				CLANG_ANALYZER_NONNULL = YES;
				CLANG_ANALYZER_NUMBER_OBJECT_CONVERSION = YES_AGGRESSIVE;
				CLANG_CXX_LANGUAGE_STANDARD = "gnu++14";
				CLANG_CXX_LIBRARY = "libc++";
				CLANG_ENABLE_MODULES = YES;
				CLANG_ENABLE_OBJC_ARC = YES;
				CLANG_WARN_BLOCK_CAPTURE_AUTORELEASING = YES;
				CLANG_WARN_BOOL_CONVERSION = YES;
				CLANG_WARN_COMMA = YES;
				CLANG_WARN_CONSTANT_CONVERSION = YES;
				CLANG_WARN_DIRECT_OBJC_ISA_USAGE = YES_ERROR;
				CLANG_WARN_DOCUMENTATION_COMMENTS = YES;
				CLANG_WARN_EMPTY_BODY = YES;
				CLANG_WARN_ENUM_CONVERSION = YES;
				CLANG_WARN_INFINITE_RECURSION = YES;
				CLANG_WARN_INT_CONVERSION = YES;
				CLANG_WARN_NON_LITERAL_NULL_CONVERSION = YES;
				CLANG_WARN_OBJC_LITERAL_CONVERSION = YES;
				CLANG_WARN_OBJC_ROOT_CLASS = YES_ERROR;
				CLANG_WARN_RANGE_LOOP_ANALYSIS = YES;
				CLANG_WARN_STRICT_PROTOTYPES = YES;
				CLANG_WARN_SUSPICIOUS_MOVE = YES;
				CLANG_WARN_UNGUARDED_AVAILABILITY = YES_AGGRESSIVE;
				CLANG_WARN_UNREACHABLE_CODE = YES;
				CLANG_WARN__DUPLICATE_METHOD_MATCH = YES;
				CODE_SIGN_IDENTITY = "iPhone Developer";
				COPY_PHASE_STRIP = NO;
				DEBUG_INFORMATION_FORMAT = "dwarf-with-dsym";
				ENABLE_NS_ASSERTIONS = NO;
				ENABLE_STRICT_OBJC_MSGSEND = YES;
				GCC_C_LANGUAGE_STANDARD = gnu11;
				GCC_NO_COMMON_BLOCKS = YES;
				GCC_WARN_64_TO_32_BIT_CONVERSION = YES;
				GCC_WARN_ABOUT_RETURN_TYPE = YES_ERROR;
				GCC_WARN_UNDECLARED_SELECTOR = YES;
				GCC_WARN_UNINITIALIZED_AUTOS = YES_AGGRESSIVE;
				GCC_WARN_UNUSED_FUNCTION = YES;
				GCC_WARN_UNUSED_VARIABLE = YES;
				IPHONEOS_DEPLOYMENT_TARGET = 11.0;
				MTL_ENABLE_DEBUG_INFO = NO;
				SDKROOT = iphoneos;
				SWIFT_OPTIMIZATION_LEVEL = "-Owholemodule";
				VALIDATE_PRODUCT = YES;
			};
			name = Release;
		};
		F3630A761F72C9D5005EA5BC /* Debug */ = {
			isa = XCBuildConfiguration;
			baseConfigurationReference = B1545EBFC8A02134BEF2386D /* Pods-TinkoffChat.debug.xcconfig */;
			buildSettings = {
				ASSETCATALOG_COMPILER_APPICON_NAME = AppIcon;
				CODE_SIGN_STYLE = Automatic;
				DEVELOPMENT_TEAM = 3UUNPVRU82;
				INFOPLIST_FILE = TinkoffChat/SupportingFiles/Info.plist;
				IPHONEOS_DEPLOYMENT_TARGET = 10.0;
				LD_RUNPATH_SEARCH_PATHS = "$(inherited) @executable_path/Frameworks";
				PRODUCT_BUNDLE_IDENTIFIER = com.legonaftik.TinkoffChat;
				PRODUCT_NAME = "$(TARGET_NAME)";
				SWIFT_VERSION = 4.0;
				TARGETED_DEVICE_FAMILY = 1;
			};
			name = Debug;
		};
		F3630A771F72C9D5005EA5BC /* Release */ = {
			isa = XCBuildConfiguration;
			baseConfigurationReference = F4CD54FAFCCAF5F7B394D5E3 /* Pods-TinkoffChat.release.xcconfig */;
			buildSettings = {
				ASSETCATALOG_COMPILER_APPICON_NAME = AppIcon;
				CODE_SIGN_STYLE = Automatic;
				DEVELOPMENT_TEAM = 3UUNPVRU82;
				INFOPLIST_FILE = TinkoffChat/SupportingFiles/Info.plist;
				IPHONEOS_DEPLOYMENT_TARGET = 10.0;
				LD_RUNPATH_SEARCH_PATHS = "$(inherited) @executable_path/Frameworks";
				PRODUCT_BUNDLE_IDENTIFIER = com.legonaftik.TinkoffChat;
				PRODUCT_NAME = "$(TARGET_NAME)";
				SWIFT_VERSION = 4.0;
				TARGETED_DEVICE_FAMILY = 1;
			};
			name = Release;
		};
/* End XCBuildConfiguration section */

/* Begin XCConfigurationList section */
		F3630A5E1F72C9D4005EA5BC /* Build configuration list for PBXProject "TinkoffChat" */ = {
			isa = XCConfigurationList;
			buildConfigurations = (
				F3630A731F72C9D5005EA5BC /* Debug */,
				F3630A741F72C9D5005EA5BC /* Release */,
			);
			defaultConfigurationIsVisible = 0;
			defaultConfigurationName = Release;
		};
		F3630A751F72C9D5005EA5BC /* Build configuration list for PBXNativeTarget "TinkoffChat" */ = {
			isa = XCConfigurationList;
			buildConfigurations = (
				F3630A761F72C9D5005EA5BC /* Debug */,
				F3630A771F72C9D5005EA5BC /* Release */,
			);
			defaultConfigurationIsVisible = 0;
			defaultConfigurationName = Release;
		};
/* End XCConfigurationList section */

/* Begin XCVersionGroup section */
		F3B21A181FB1E977000F171D /* TinkoffChat.xcdatamodeld */ = {
			isa = XCVersionGroup;
			children = (
				F3B21A191FB1E977000F171D /* TinkoffChat.xcdatamodel */,
			);
			currentVersion = F3B21A191FB1E977000F171D /* TinkoffChat.xcdatamodel */;
			path = TinkoffChat.xcdatamodeld;
			sourceTree = "<group>";
			versionGroupType = wrapper.xcdatamodel;
		};
/* End XCVersionGroup section */
	};
	rootObject = F3630A5B1F72C9D4005EA5BC /* Project object */;
}
