// !$*UTF8*$!
{
	archiveVersion = 1;
	classes = {
	};
	objectVersion = 48;
	objects = {

/* Begin PBXBuildFile section */
		F3630A671F72C9D5005EA5BC /* AppDelegate.swift in Sources */ = {isa = PBXBuildFile; fileRef = F3630A661F72C9D5005EA5BC /* AppDelegate.swift */; };
		F3630A691F72C9D5005EA5BC /* ProfileViewController.swift in Sources */ = {isa = PBXBuildFile; fileRef = F3630A681F72C9D5005EA5BC /* ProfileViewController.swift */; };
		F3630A6C1F72C9D5005EA5BC /* Profile.storyboard in Resources */ = {isa = PBXBuildFile; fileRef = F3630A6A1F72C9D5005EA5BC /* Profile.storyboard */; };
		F3630A6E1F72C9D5005EA5BC /* Assets.xcassets in Resources */ = {isa = PBXBuildFile; fileRef = F3630A6D1F72C9D5005EA5BC /* Assets.xcassets */; };
		F3630A711F72C9D5005EA5BC /* LaunchScreen.storyboard in Resources */ = {isa = PBXBuildFile; fileRef = F3630A6F1F72C9D5005EA5BC /* LaunchScreen.storyboard */; };
		F375861F1F7D8FAB0070C3A1 /* DesignableButton.swift in Sources */ = {isa = PBXBuildFile; fileRef = F375861E1F7D8FAA0070C3A1 /* DesignableButton.swift */; };
		F37586211F7D8FCB0070C3A1 /* DesignableImageView.swift in Sources */ = {isa = PBXBuildFile; fileRef = F37586201F7D8FCB0070C3A1 /* DesignableImageView.swift */; };
		F3B55F221F891D0D00F8B9A5 /* ConversationsListViewController.swift in Sources */ = {isa = PBXBuildFile; fileRef = F3B55F211F891D0D00F8B9A5 /* ConversationsListViewController.swift */; };
		F3B55F241F89214400F8B9A5 /* ConversationTableViewCell.swift in Sources */ = {isa = PBXBuildFile; fileRef = F3B55F231F89214400F8B9A5 /* ConversationTableViewCell.swift */; };
		F3B55F291F89238B00F8B9A5 /* ConversationListViewModel.swift in Sources */ = {isa = PBXBuildFile; fileRef = F3B55F281F89238B00F8B9A5 /* ConversationListViewModel.swift */; };
/* End PBXBuildFile section */

/* Begin PBXFileReference section */
		F3630A631F72C9D5005EA5BC /* TinkoffChat.app */ = {isa = PBXFileReference; explicitFileType = wrapper.application; includeInIndex = 0; path = TinkoffChat.app; sourceTree = BUILT_PRODUCTS_DIR; };
		F3630A661F72C9D5005EA5BC /* AppDelegate.swift */ = {isa = PBXFileReference; lastKnownFileType = sourcecode.swift; path = AppDelegate.swift; sourceTree = "<group>"; };
		F3630A681F72C9D5005EA5BC /* ProfileViewController.swift */ = {isa = PBXFileReference; lastKnownFileType = sourcecode.swift; path = ProfileViewController.swift; sourceTree = "<group>"; };
		F3630A6B1F72C9D5005EA5BC /* Base */ = {isa = PBXFileReference; lastKnownFileType = file.storyboard; name = Base; path = Base.lproj/Profile.storyboard; sourceTree = "<group>"; };
		F3630A6D1F72C9D5005EA5BC /* Assets.xcassets */ = {isa = PBXFileReference; lastKnownFileType = folder.assetcatalog; path = Assets.xcassets; sourceTree = "<group>"; };
		F3630A701F72C9D5005EA5BC /* Base */ = {isa = PBXFileReference; lastKnownFileType = file.storyboard; name = Base; path = Base.lproj/LaunchScreen.storyboard; sourceTree = "<group>"; };
		F3630A721F72C9D5005EA5BC /* Info.plist */ = {isa = PBXFileReference; lastKnownFileType = text.plist.xml; path = Info.plist; sourceTree = "<group>"; };
		F375861E1F7D8FAA0070C3A1 /* DesignableButton.swift */ = {isa = PBXFileReference; lastKnownFileType = sourcecode.swift; path = DesignableButton.swift; sourceTree = "<group>"; };
		F37586201F7D8FCB0070C3A1 /* DesignableImageView.swift */ = {isa = PBXFileReference; lastKnownFileType = sourcecode.swift; path = DesignableImageView.swift; sourceTree = "<group>"; };
		F3B55F211F891D0D00F8B9A5 /* ConversationsListViewController.swift */ = {isa = PBXFileReference; lastKnownFileType = sourcecode.swift; path = ConversationsListViewController.swift; sourceTree = "<group>"; };
		F3B55F231F89214400F8B9A5 /* ConversationTableViewCell.swift */ = {isa = PBXFileReference; lastKnownFileType = sourcecode.swift; path = ConversationTableViewCell.swift; sourceTree = "<group>"; };
		F3B55F281F89238B00F8B9A5 /* ConversationListViewModel.swift */ = {isa = PBXFileReference; lastKnownFileType = sourcecode.swift; path = ConversationListViewModel.swift; sourceTree = "<group>"; };
/* End PBXFileReference section */

/* Begin PBXFrameworksBuildPhase section */
		F3630A601F72C9D4005EA5BC /* Frameworks */ = {
			isa = PBXFrameworksBuildPhase;
			buildActionMask = 2147483647;
			files = (
			);
			runOnlyForDeploymentPostprocessing = 0;
		};
/* End PBXFrameworksBuildPhase section */

/* Begin PBXGroup section */
		F3630A5A1F72C9D4005EA5BC = {
			isa = PBXGroup;
			children = (
				F3630A651F72C9D5005EA5BC /* TinkoffChat */,
				F3630A641F72C9D5005EA5BC /* Products */,
			);
			sourceTree = "<group>";
		};
		F3630A641F72C9D5005EA5BC /* Products */ = {
			isa = PBXGroup;
			children = (
				F3630A631F72C9D5005EA5BC /* TinkoffChat.app */,
			);
			name = Products;
			sourceTree = "<group>";
		};
		F3630A651F72C9D5005EA5BC /* TinkoffChat */ = {
			isa = PBXGroup;
			children = (
				F3B55F261F8922D100F8B9A5 /* Profile */,
				F3B55F251F8922BB00F8B9A5 /* ConversationList */,
				F3B55F271F8922E900F8B9A5 /* SupportingFiles */,
				F3630A6A1F72C9D5005EA5BC /* Profile.storyboard */,
				F375861E1F7D8FAA0070C3A1 /* DesignableButton.swift */,
				F37586201F7D8FCB0070C3A1 /* DesignableImageView.swift */,
				F3630A6D1F72C9D5005EA5BC /* Assets.xcassets */,
			);
			path = TinkoffChat;
			sourceTree = "<group>";
		};
		F3B55F251F8922BB00F8B9A5 /* ConversationList */ = {
			isa = PBXGroup;
			children = (
				F3B55F211F891D0D00F8B9A5 /* ConversationsListViewController.swift */,
				F3B55F281F89238B00F8B9A5 /* ConversationListViewModel.swift */,
				F3B55F231F89214400F8B9A5 /* ConversationTableViewCell.swift */,
			);
			path = ConversationList;
			sourceTree = "<group>";
		};
		F3B55F261F8922D100F8B9A5 /* Profile */ = {
			isa = PBXGroup;
			children = (
				F3630A681F72C9D5005EA5BC /* ProfileViewController.swift */,
			);
			path = Profile;
			sourceTree = "<group>";
		};
		F3B55F271F8922E900F8B9A5 /* SupportingFiles */ = {
			isa = PBXGroup;
			children = (
				F3630A6F1F72C9D5005EA5BC /* LaunchScreen.storyboard */,
				F3630A661F72C9D5005EA5BC /* AppDelegate.swift */,
				F3630A721F72C9D5005EA5BC /* Info.plist */,
			);
			path = SupportingFiles;
			sourceTree = "<group>";
		};
/* End PBXGroup section */

/* Begin PBXNativeTarget section */
		F3630A621F72C9D4005EA5BC /* TinkoffChat */ = {
			isa = PBXNativeTarget;
			buildConfigurationList = F3630A751F72C9D5005EA5BC /* Build configuration list for PBXNativeTarget "TinkoffChat" */;
			buildPhases = (
				F3630A5F1F72C9D4005EA5BC /* Sources */,
				F3630A601F72C9D4005EA5BC /* Frameworks */,
				F3630A611F72C9D4005EA5BC /* Resources */,
			);
			buildRules = (
			);
			dependencies = (
			);
			name = TinkoffChat;
			productName = TinkoffChat;
			productReference = F3630A631F72C9D5005EA5BC /* TinkoffChat.app */;
			productType = "com.apple.product-type.application";
		};
/* End PBXNativeTarget section */

/* Begin PBXProject section */
		F3630A5B1F72C9D4005EA5BC /* Project object */ = {
			isa = PBXProject;
			attributes = {
				LastSwiftUpdateCheck = 0900;
				LastUpgradeCheck = 0900;
				ORGANIZATIONNAME = "Vladimir Pavlov";
				TargetAttributes = {
					F3630A621F72C9D4005EA5BC = {
						CreatedOnToolsVersion = 9.0;
						ProvisioningStyle = Automatic;
					};
				};
			};
			buildConfigurationList = F3630A5E1F72C9D4005EA5BC /* Build configuration list for PBXProject "TinkoffChat" */;
			compatibilityVersion = "Xcode 8.0";
			developmentRegion = en;
			hasScannedForEncodings = 0;
			knownRegions = (
				en,
				Base,
			);
			mainGroup = F3630A5A1F72C9D4005EA5BC;
			productRefGroup = F3630A641F72C9D5005EA5BC /* Products */;
			projectDirPath = "";
			projectRoot = "";
			targets = (
				F3630A621F72C9D4005EA5BC /* TinkoffChat */,
			);
		};
/* End PBXProject section */

/* Begin PBXResourcesBuildPhase section */
		F3630A611F72C9D4005EA5BC /* Resources */ = {
			isa = PBXResourcesBuildPhase;
			buildActionMask = 2147483647;
			files = (
				F3630A711F72C9D5005EA5BC /* LaunchScreen.storyboard in Resources */,
				F3630A6E1F72C9D5005EA5BC /* Assets.xcassets in Resources */,
				F3630A6C1F72C9D5005EA5BC /* Profile.storyboard in Resources */,
			);
			runOnlyForDeploymentPostprocessing = 0;
		};
/* End PBXResourcesBuildPhase section */

/* Begin PBXSourcesBuildPhase section */
		F3630A5F1F72C9D4005EA5BC /* Sources */ = {
			isa = PBXSourcesBuildPhase;
			buildActionMask = 2147483647;
			files = (
				F3630A691F72C9D5005EA5BC /* ProfileViewController.swift in Sources */,
				F3B55F221F891D0D00F8B9A5 /* ConversationsListViewController.swift in Sources */,
				F3B55F241F89214400F8B9A5 /* ConversationTableViewCell.swift in Sources */,
				F3630A671F72C9D5005EA5BC /* AppDelegate.swift in Sources */,
				F3B55F291F89238B00F8B9A5 /* ConversationListViewModel.swift in Sources */,
				F375861F1F7D8FAB0070C3A1 /* DesignableButton.swift in Sources */,
				F37586211F7D8FCB0070C3A1 /* DesignableImageView.swift in Sources */,
			);
			runOnlyForDeploymentPostprocessing = 0;
		};
/* End PBXSourcesBuildPhase section */

/* Begin PBXVariantGroup section */
		F3630A6A1F72C9D5005EA5BC /* Profile.storyboard */ = {
			isa = PBXVariantGroup;
			children = (
				F3630A6B1F72C9D5005EA5BC /* Base */,
			);
			name = Profile.storyboard;
			sourceTree = "<group>";
		};
		F3630A6F1F72C9D5005EA5BC /* LaunchScreen.storyboard */ = {
			isa = PBXVariantGroup;
			children = (
				F3630A701F72C9D5005EA5BC /* Base */,
			);
			name = LaunchScreen.storyboard;
			sourceTree = "<group>";
		};
/* End PBXVariantGroup section */

/* Begin XCBuildConfiguration section */
		F3630A731F72C9D5005EA5BC /* Debug */ = {
			isa = XCBuildConfiguration;
			buildSettings = {
				ALWAYS_SEARCH_USER_PATHS = NO;
				CLANG_ANALYZER_NONNULL = YES;
				CLANG_ANALYZER_NUMBER_OBJECT_CONVERSION = YES_AGGRESSIVE;
				CLANG_CXX_LANGUAGE_STANDARD = "gnu++14";
				CLANG_CXX_LIBRARY = "libc++";
				CLANG_ENABLE_MODULES = YES;
				CLANG_ENABLE_OBJC_ARC = YES;
				CLANG_WARN_BLOCK_CAPTURE_AUTORELEASING = YES;
				CLANG_WARN_BOOL_CONVERSION = YES;
				CLANG_WARN_COMMA = YES;
				CLANG_WARN_CONSTANT_CONVERSION = YES;
				CLANG_WARN_DIRECT_OBJC_ISA_USAGE = YES_ERROR;
				CLANG_WARN_DOCUMENTATION_COMMENTS = YES;
				CLANG_WARN_EMPTY_BODY = YES;
				CLANG_WARN_ENUM_CONVERSION = YES;
				CLANG_WARN_INFINITE_RECURSION = YES;
				CLANG_WARN_INT_CONVERSION = YES;
				CLANG_WARN_NON_LITERAL_NULL_CONVERSION = YES;
				CLANG_WARN_OBJC_LITERAL_CONVERSION = YES;
				CLANG_WARN_OBJC_ROOT_CLASS = YES_ERROR;
				CLANG_WARN_RANGE_LOOP_ANALYSIS = YES;
				CLANG_WARN_STRICT_PROTOTYPES = YES;
				CLANG_WARN_SUSPICIOUS_MOVE = YES;
				CLANG_WARN_UNGUARDED_AVAILABILITY = YES_AGGRESSIVE;
				CLANG_WARN_UNREACHABLE_CODE = YES;
				CLANG_WARN__DUPLICATE_METHOD_MATCH = YES;
				CODE_SIGN_IDENTITY = "iPhone Developer";
				COPY_PHASE_STRIP = NO;
				DEBUG_INFORMATION_FORMAT = dwarf;
				ENABLE_STRICT_OBJC_MSGSEND = YES;
				ENABLE_TESTABILITY = YES;
				GCC_C_LANGUAGE_STANDARD = gnu11;
				GCC_DYNAMIC_NO_PIC = NO;
				GCC_NO_COMMON_BLOCKS = YES;
				GCC_OPTIMIZATION_LEVEL = 0;
				GCC_PREPROCESSOR_DEFINITIONS = (
					"DEBUG=1",
					"$(inherited)",
				);
				GCC_WARN_64_TO_32_BIT_CONVERSION = YES;
				GCC_WARN_ABOUT_RETURN_TYPE = YES_ERROR;
				GCC_WARN_UNDECLARED_SELECTOR = YES;
				GCC_WARN_UNINITIALIZED_AUTOS = YES_AGGRESSIVE;
				GCC_WARN_UNUSED_FUNCTION = YES;
				GCC_WARN_UNUSED_VARIABLE = YES;
				IPHONEOS_DEPLOYMENT_TARGET = 11.0;
				MTL_ENABLE_DEBUG_INFO = YES;
				ONLY_ACTIVE_ARCH = YES;
				SDKROOT = iphoneos;
				SWIFT_ACTIVE_COMPILATION_CONDITIONS = DEBUG;
				SWIFT_OPTIMIZATION_LEVEL = "-Onone";
			};
			name = Debug;
		};
		F3630A741F72C9D5005EA5BC /* Release */ = {
			isa = XCBuildConfiguration;
			buildSettings = {
				ALWAYS_SEARCH_USER_PATHS = NO;
				CLANG_ANALYZER_NONNULL = YES;
				CLANG_ANALYZER_NUMBER_OBJECT_CONVERSION = YES_AGGRESSIVE;
				CLANG_CXX_LANGUAGE_STANDARD = "gnu++14";
				CLANG_CXX_LIBRARY = "libc++";
				CLANG_ENABLE_MODULES = YES;
				CLANG_ENABLE_OBJC_ARC = YES;
				CLANG_WARN_BLOCK_CAPTURE_AUTORELEASING = YES;
				CLANG_WARN_BOOL_CONVERSION = YES;
				CLANG_WARN_COMMA = YES;
				CLANG_WARN_CONSTANT_CONVERSION = YES;
				CLANG_WARN_DIRECT_OBJC_ISA_USAGE = YES_ERROR;
				CLANG_WARN_DOCUMENTATION_COMMENTS = YES;
				CLANG_WARN_EMPTY_BODY = YES;
				CLANG_WARN_ENUM_CONVERSION = YES;
				CLANG_WARN_INFINITE_RECURSION = YES;
				CLANG_WARN_INT_CONVERSION = YES;
				CLANG_WARN_NON_LITERAL_NULL_CONVERSION = YES;
				CLANG_WARN_OBJC_LITERAL_CONVERSION = YES;
				CLANG_WARN_OBJC_ROOT_CLASS = YES_ERROR;
				CLANG_WARN_RANGE_LOOP_ANALYSIS = YES;
				CLANG_WARN_STRICT_PROTOTYPES = YES;
				CLANG_WARN_SUSPICIOUS_MOVE = YES;
				CLANG_WARN_UNGUARDED_AVAILABILITY = YES_AGGRESSIVE;
				CLANG_WARN_UNREACHABLE_CODE = YES;
				CLANG_WARN__DUPLICATE_METHOD_MATCH = YES;
				CODE_SIGN_IDENTITY = "iPhone Developer";
				COPY_PHASE_STRIP = NO;
				DEBUG_INFORMATION_FORMAT = "dwarf-with-dsym";
				ENABLE_NS_ASSERTIONS = NO;
				ENABLE_STRICT_OBJC_MSGSEND = YES;
				GCC_C_LANGUAGE_STANDARD = gnu11;
				GCC_NO_COMMON_BLOCKS = YES;
				GCC_WARN_64_TO_32_BIT_CONVERSION = YES;
				GCC_WARN_ABOUT_RETURN_TYPE = YES_ERROR;
				GCC_WARN_UNDECLARED_SELECTOR = YES;
				GCC_WARN_UNINITIALIZED_AUTOS = YES_AGGRESSIVE;
				GCC_WARN_UNUSED_FUNCTION = YES;
				GCC_WARN_UNUSED_VARIABLE = YES;
				IPHONEOS_DEPLOYMENT_TARGET = 11.0;
				MTL_ENABLE_DEBUG_INFO = NO;
				SDKROOT = iphoneos;
				SWIFT_OPTIMIZATION_LEVEL = "-Owholemodule";
				VALIDATE_PRODUCT = YES;
			};
			name = Release;
		};
		F3630A761F72C9D5005EA5BC /* Debug */ = {
			isa = XCBuildConfiguration;
			buildSettings = {
				ASSETCATALOG_COMPILER_APPICON_NAME = AppIcon;
				CODE_SIGN_STYLE = Automatic;
				DEVELOPMENT_TEAM = 3UUNPVRU82;
				INFOPLIST_FILE = TinkoffChat/Info.plist;
				IPHONEOS_DEPLOYMENT_TARGET = 9.3;
				LD_RUNPATH_SEARCH_PATHS = "$(inherited) @executable_path/Frameworks";
				PRODUCT_BUNDLE_IDENTIFIER = com.legonaftik.TinkoffChat;
				PRODUCT_NAME = "$(TARGET_NAME)";
				SWIFT_VERSION = 4.0;
				TARGETED_DEVICE_FAMILY = 1;
			};
			name = Debug;
		};
		F3630A771F72C9D5005EA5BC /* Release */ = {
			isa = XCBuildConfiguration;
			buildSettings = {
				ASSETCATALOG_COMPILER_APPICON_NAME = AppIcon;
				CODE_SIGN_STYLE = Automatic;
				DEVELOPMENT_TEAM = 3UUNPVRU82;
				INFOPLIST_FILE = TinkoffChat/Info.plist;
				IPHONEOS_DEPLOYMENT_TARGET = 9.3;
				LD_RUNPATH_SEARCH_PATHS = "$(inherited) @executable_path/Frameworks";
				PRODUCT_BUNDLE_IDENTIFIER = com.legonaftik.TinkoffChat;
				PRODUCT_NAME = "$(TARGET_NAME)";
				SWIFT_VERSION = 4.0;
				TARGETED_DEVICE_FAMILY = 1;
			};
			name = Release;
		};
/* End XCBuildConfiguration section */

/* Begin XCConfigurationList section */
		F3630A5E1F72C9D4005EA5BC /* Build configuration list for PBXProject "TinkoffChat" */ = {
			isa = XCConfigurationList;
			buildConfigurations = (
				F3630A731F72C9D5005EA5BC /* Debug */,
				F3630A741F72C9D5005EA5BC /* Release */,
			);
			defaultConfigurationIsVisible = 0;
			defaultConfigurationName = Release;
		};
		F3630A751F72C9D5005EA5BC /* Build configuration list for PBXNativeTarget "TinkoffChat" */ = {
			isa = XCConfigurationList;
			buildConfigurations = (
				F3630A761F72C9D5005EA5BC /* Debug */,
				F3630A771F72C9D5005EA5BC /* Release */,
			);
			defaultConfigurationIsVisible = 0;
			defaultConfigurationName = Release;
		};
/* End XCConfigurationList section */
	};
	rootObject = F3630A5B1F72C9D4005EA5BC /* Project object */;
}
